{
  "name": "obsidian-mcp-workspace",
  "lockfileVersion": 3,
  "requires": true,
  "packages": {
    "": {
      "name": "obsidian-mcp-workspace",
      "workspaces": [
        "obsidian-mcp-bridge",
        "mcp-shim"
      ],
      "engines": {
        "node": ">=18"
      }
    },
    "mcp-shim": {
      "version": "1.0.0",
      "license": "MIT",
      "bin": {
        "mcp-shim": "mcp-shim.mjs"
      },
      "engines": {
        "node": ">=18"
      }
    },
    "node_modules/mcp-shim": {
      "resolved": "mcp-shim",
      "link": true
    },
    "node_modules/obsidian-mcp-bridge": {
      "resolved": "obsidian-mcp-bridge",
      "link": true
    },
    "obsidian-mcp-bridge": {
      "version": "1.0.0",
      "license": "MIT",
      "bin": {
        "obsidian-mcp-bridge": "obsidian-mcp-bridge.mjs"
      },
      "engines": {
        "node": ">=18"
      }
    }
  }
}
